{
  "originHash" : "128ff45718cd3f7b7b9de7be3c71eff9783caec74671dd0a0971e8f83e429bc9",
  "pins" : [
    {
      "identity" : "executable",
      "kind" : "remoteSourceControl",
      "location" : "https://github.com/leviouwendijk/Executable.git",
      "state" : {
        "branch" : "master",
        "revision" : "48f0393d896565f829c5cfa0440bc91ac8a0fc63"
      }
    },
    {
      "identity" : "extensions",
      "kind" : "remoteSourceControl",
      "location" : "https://github.com/leviouwendijk/Extensions.git",
      "state" : {
        "branch" : "master",
        "revision" : "2670525e08c06638511e3b6a58093efbcc0d78f3"
      }
    },
    {
      "identity" : "interfaces",
      "kind" : "remoteSourceControl",
      "location" : "https://github.com/leviouwendijk/Interfaces.git",
      "state" : {
        "branch" : "master",
        "revision" : "f89c7c51ab4f102dbeb9df5af0636b3424f0dc99"
      }
    },
    {
      "identity" : "plate",
      "kind" : "remoteSourceControl",
      "location" : "https://github.com/leviouwendijk/plate.git",
      "state" : {
        "branch" : "master",
        "revision" : "e3e2c18eafceae1d413a6c9c28dac3d2187d9d3c"
      }
    },
    {
      "identity" : "structures",
      "kind" : "remoteSourceControl",
      "location" : "https://github.com/leviouwendijk/Structures.git",
      "state" : {
        "branch" : "master",
        "revision" : "1e32ad705aa4c84c2c680e61e8de2b18565470e6"
      }
    },
    {
      "identity" : "swift-argument-parser",
      "kind" : "remoteSourceControl",
      "location" : "https://github.com/apple/swift-argument-parser.git",
      "state" : {
        "revision" : "cdd0ef3755280949551dc26dee5de9ddeda89f54",
        "version" : "1.6.2"
      }
    }
  ],
  "version" : 3
}
